// !$*UTF8*$!
{
	archiveVersion = 1;
	classes = {
	};
	objectVersion = 50;
	objects = {

/* Begin PBXBuildFile section */
		062B790C218265DE006ADA88 /* AppDelegate.swift in Sources */ = {isa = PBXBuildFile; fileRef = 062B790B218265DE006ADA88 /* AppDelegate.swift */; };
		062B790E218265DE006ADA88 /* MarvelViewController.swift in Sources */ = {isa = PBXBuildFile; fileRef = 062B790D218265DE006ADA88 /* MarvelViewController.swift */; };
		062B7910218265DE006ADA88 /* CollegeViewController.swift in Sources */ = {isa = PBXBuildFile; fileRef = 062B790F218265DE006ADA88 /* CollegeViewController.swift */; };
		062B7913218265DE006ADA88 /* Main.storyboard in Resources */ = {isa = PBXBuildFile; fileRef = 062B7911218265DE006ADA88 /* Main.storyboard */; };
		062B7915218265E1006ADA88 /* Assets.xcassets in Resources */ = {isa = PBXBuildFile; fileRef = 062B7914218265E1006ADA88 /* Assets.xcassets */; };
		062B7918218265E1006ADA88 /* LaunchScreen.storyboard in Resources */ = {isa = PBXBuildFile; fileRef = 062B7916218265E1006ADA88 /* LaunchScreen.storyboard */; };
		062B7923218265E2006ADA88 /* iKidTests.swift in Sources */ = {isa = PBXBuildFile; fileRef = 062B7922218265E2006ADA88 /* iKidTests.swift */; };
		062B792E218265E2006ADA88 /* iKidUITests.swift in Sources */ = {isa = PBXBuildFile; fileRef = 062B792D218265E2006ADA88 /* iKidUITests.swift */; };
		062B793E218279B6006ADA88 /* TrumpViewController.swift in Sources */ = {isa = PBXBuildFile; fileRef = 062B793D218279B6006ADA88 /* TrumpViewController.swift */; };
/* End PBXBuildFile section */

/* Begin PBXContainerItemProxy section */
		062B791F218265E2006ADA88 /* PBXContainerItemProxy */ = {
			isa = PBXContainerItemProxy;
			containerPortal = 062B7900218265DE006ADA88 /* Project object */;
			proxyType = 1;
			remoteGlobalIDString = 062B7907218265DE006ADA88;
			remoteInfo = iKid;
		};
		062B792A218265E2006ADA88 /* PBXContainerItemProxy */ = {
			isa = PBXContainerItemProxy;
			containerPortal = 062B7900218265DE006ADA88 /* Project object */;
			proxyType = 1;
			remoteGlobalIDString = 062B7907218265DE006ADA88;
			remoteInfo = iKid;
		};
/* End PBXContainerItemProxy section */

/* Begin PBXFileReference section */
		062B7908218265DE006ADA88 /* iKid.app */ = {isa = PBXFileReference; explicitFileType = wrapper.application; includeInIndex = 0; path = iKid.app; sourceTree = BUILT_PRODUCTS_DIR; };
		062B790B218265DE006ADA88 /* AppDelegate.swift */ = {isa = PBXFileReference; lastKnownFileType = sourcecode.swift; path = AppDelegate.swift; sourceTree = "<group>"; };
		062B790D218265DE006ADA88 /* MarvelViewController.swift */ = {isa = PBXFileReference; lastKnownFileType = sourcecode.swift; path = MarvelViewController.swift; sourceTree = "<group>"; };
		062B790F218265DE006ADA88 /* CollegeViewController.swift */ = {isa = PBXFileReference; lastKnownFileType = sourcecode.swift; path = CollegeViewController.swift; sourceTree = "<group>"; };
		062B7912218265DE006ADA88 /* Base */ = {isa = PBXFileReference; lastKnownFileType = file.storyboard; name = Base; path = Base.lproj/Main.storyboard; sourceTree = "<group>"; };
		062B7914218265E1006ADA88 /* Assets.xcassets */ = {isa = PBXFileReference; lastKnownFileType = folder.assetcatalog; path = Assets.xcassets; sourceTree = "<group>"; };
		062B7917218265E1006ADA88 /* Base */ = {isa = PBXFileReference; lastKnownFileType = file.storyboard; name = Base; path = Base.lproj/LaunchScreen.storyboard; sourceTree = "<group>"; };
		062B7919218265E1006ADA88 /* Info.plist */ = {isa = PBXFileReference; lastKnownFileType = text.plist.xml; path = Info.plist; sourceTree = "<group>"; };
		062B791E218265E2006ADA88 /* iKidTests.xctest */ = {isa = PBXFileReference; explicitFileType = wrapper.cfbundle; includeInIndex = 0; path = iKidTests.xctest; sourceTree = BUILT_PRODUCTS_DIR; };
		062B7922218265E2006ADA88 /* iKidTests.swift */ = {isa = PBXFileReference; lastKnownFileType = sourcecode.swift; path = iKidTests.swift; sourceTree = "<group>"; };
		062B7924218265E2006ADA88 /* Info.plist */ = {isa = PBXFileReference; lastKnownFileType = text.plist.xml; path = Info.plist; sourceTree = "<group>"; };
		062B7929218265E2006ADA88 /* iKidUITests.xctest */ = {isa = PBXFileReference; explicitFileType = wrapper.cfbundle; includeInIndex = 0; path = iKidUITests.xctest; sourceTree = BUILT_PRODUCTS_DIR; };
		062B792D218265E2006ADA88 /* iKidUITests.swift */ = {isa = PBXFileReference; lastKnownFileType = sourcecode.swift; path = iKidUITests.swift; sourceTree = "<group>"; };
		062B792F218265E2006ADA88 /* Info.plist */ = {isa = PBXFileReference; lastKnownFileType = text.plist.xml; path = Info.plist; sourceTree = "<group>"; };
		062B793D218279B6006ADA88 /* TrumpViewController.swift */ = {isa = PBXFileReference; lastKnownFileType = sourcecode.swift; path = TrumpViewController.swift; sourceTree = "<group>"; };
/* End PBXFileReference section */

/* Begin PBXFrameworksBuildPhase section */
		062B7905218265DE006ADA88 /* Frameworks */ = {
			isa = PBXFrameworksBuildPhase;
			buildActionMask = 2147483647;
			files = (
			);
			runOnlyForDeploymentPostprocessing = 0;
		};
		062B791B218265E2006ADA88 /* Frameworks */ = {
			isa = PBXFrameworksBuildPhase;
			buildActionMask = 2147483647;
			files = (
			);
			runOnlyForDeploymentPostprocessing = 0;
		};
		062B7926218265E2006ADA88 /* Frameworks */ = {
			isa = PBXFrameworksBuildPhase;
			buildActionMask = 2147483647;
			files = (
			);
			runOnlyForDeploymentPostprocessing = 0;
		};
/* End PBXFrameworksBuildPhase section */

/* Begin PBXGroup section */
		062B78FF218265DE006ADA88 = {
			isa = PBXGroup;
			children = (
				062B790A218265DE006ADA88 /* iKid */,
				062B7921218265E2006ADA88 /* iKidTests */,
				062B792C218265E2006ADA88 /* iKidUITests */,
				062B7909218265DE006ADA88 /* Products */,
			);
			sourceTree = "<group>";
		};
		062B7909218265DE006ADA88 /* Products */ = {
			isa = PBXGroup;
			children = (
				062B7908218265DE006ADA88 /* iKid.app */,
				062B791E218265E2006ADA88 /* iKidTests.xctest */,
				062B7929218265E2006ADA88 /* iKidUITests.xctest */,
			);
			name = Products;
			sourceTree = "<group>";
		};
		062B790A218265DE006ADA88 /* iKid */ = {
			isa = PBXGroup;
			children = (
				062B790B218265DE006ADA88 /* AppDelegate.swift */,
				062B790D218265DE006ADA88 /* MarvelViewController.swift */,
				062B790F218265DE006ADA88 /* CollegeViewController.swift */,
				062B793D218279B6006ADA88 /* TrumpViewController.swift */,
				062B7911218265DE006ADA88 /* Main.storyboard */,
				062B7914218265E1006ADA88 /* Assets.xcassets */,
				062B7916218265E1006ADA88 /* LaunchScreen.storyboard */,
				062B7919218265E1006ADA88 /* Info.plist */,
			);
			path = iKid;
			sourceTree = "<group>";
		};
		062B7921218265E2006ADA88 /* iKidTests */ = {
			isa = PBXGroup;
			children = (
				062B7922218265E2006ADA88 /* iKidTests.swift */,
				062B7924218265E2006ADA88 /* Info.plist */,
			);
			path = iKidTests;
			sourceTree = "<group>";
		};
		062B792C218265E2006ADA88 /* iKidUITests */ = {
			isa = PBXGroup;
			children = (
				062B792D218265E2006ADA88 /* iKidUITests.swift */,
				062B792F218265E2006ADA88 /* Info.plist */,
			);
			path = iKidUITests;
			sourceTree = "<group>";
		};
/* End PBXGroup section */

/* Begin PBXNativeTarget section */
		062B7907218265DE006ADA88 /* iKid */ = {
			isa = PBXNativeTarget;
			buildConfigurationList = 062B7932218265E2006ADA88 /* Build configuration list for PBXNativeTarget "iKid" */;
			buildPhases = (
				062B7904218265DE006ADA88 /* Sources */,
				062B7905218265DE006ADA88 /* Frameworks */,
				062B7906218265DE006ADA88 /* Resources */,
			);
			buildRules = (
			);
			dependencies = (
			);
			name = iKid;
			productName = iKid;
			productReference = 062B7908218265DE006ADA88 /* iKid.app */;
			productType = "com.apple.product-type.application";
		};
		062B791D218265E2006ADA88 /* iKidTests */ = {
			isa = PBXNativeTarget;
			buildConfigurationList = 062B7935218265E2006ADA88 /* Build configuration list for PBXNativeTarget "iKidTests" */;
			buildPhases = (
				062B791A218265E2006ADA88 /* Sources */,
				062B791B218265E2006ADA88 /* Frameworks */,
				062B791C218265E2006ADA88 /* Resources */,
			);
			buildRules = (
			);
			dependencies = (
				062B7920218265E2006ADA88 /* PBXTargetDependency */,
			);
			name = iKidTests;
			productName = iKidTests;
			productReference = 062B791E218265E2006ADA88 /* iKidTests.xctest */;
			productType = "com.apple.product-type.bundle.unit-test";
		};
		062B7928218265E2006ADA88 /* iKidUITests */ = {
			isa = PBXNativeTarget;
			buildConfigurationList = 062B7938218265E2006ADA88 /* Build configuration list for PBXNativeTarget "iKidUITests" */;
			buildPhases = (
				062B7925218265E2006ADA88 /* Sources */,
				062B7926218265E2006ADA88 /* Frameworks */,
				062B7927218265E2006ADA88 /* Resources */,
			);
			buildRules = (
			);
			dependencies = (
				062B792B218265E2006ADA88 /* PBXTargetDependency */,
			);
			name = iKidUITests;
			productName = iKidUITests;
			productReference = 062B7929218265E2006ADA88 /* iKidUITests.xctest */;
			productType = "com.apple.product-type.bundle.ui-testing";
		};
/* End PBXNativeTarget section */

/* Begin PBXProject section */
		062B7900218265DE006ADA88 /* Project object */ = {
			isa = PBXProject;
			attributes = {
				LastSwiftUpdateCheck = 1000;
				LastUpgradeCheck = 1000;
				ORGANIZATIONNAME = "Nathan Han";
				TargetAttributes = {
					062B7907218265DE006ADA88 = {
						CreatedOnToolsVersion = 10.0;
					};
					062B791D218265E2006ADA88 = {
						CreatedOnToolsVersion = 10.0;
						TestTargetID = 062B7907218265DE006ADA88;
					};
					062B7928218265E2006ADA88 = {
						CreatedOnToolsVersion = 10.0;
						TestTargetID = 062B7907218265DE006ADA88;
					};
				};
			};
			buildConfigurationList = 062B7903218265DE006ADA88 /* Build configuration list for PBXProject "iKid" */;
			compatibilityVersion = "Xcode 9.3";
			developmentRegion = en;
			hasScannedForEncodings = 0;
			knownRegions = (
				en,
				Base,
			);
			mainGroup = 062B78FF218265DE006ADA88;
			productRefGroup = 062B7909218265DE006ADA88 /* Products */;
			projectDirPath = "";
			projectRoot = "";
			targets = (
				062B7907218265DE006ADA88 /* iKid */,
				062B791D218265E2006ADA88 /* iKidTests */,
				062B7928218265E2006ADA88 /* iKidUITests */,
			);
		};
/* End PBXProject section */

/* Begin PBXResourcesBuildPhase section */
		062B7906218265DE006ADA88 /* Resources */ = {
			isa = PBXResourcesBuildPhase;
			buildActionMask = 2147483647;
			files = (
				062B7918218265E1006ADA88 /* LaunchScreen.storyboard in Resources */,
				062B7915218265E1006ADA88 /* Assets.xcassets in Resources */,
				062B7913218265DE006ADA88 /* Main.storyboard in Resources */,
			);
			runOnlyForDeploymentPostprocessing = 0;
		};
		062B791C218265E2006ADA88 /* Resources */ = {
			isa = PBXResourcesBuildPhase;
			buildActionMask = 2147483647;
			files = (
			);
			runOnlyForDeploymentPostprocessing = 0;
		};
		062B7927218265E2006ADA88 /* Resources */ = {
			isa = PBXResourcesBuildPhase;
			buildActionMask = 2147483647;
			files = (
			);
			runOnlyForDeploymentPostprocessing = 0;
		};
/* End PBXResourcesBuildPhase section */

/* Begin PBXSourcesBuildPhase section */
		062B7904218265DE006ADA88 /* Sources */ = {
			isa = PBXSourcesBuildPhase;
			buildActionMask = 2147483647;
			files = (
				062B793E218279B6006ADA88 /* TrumpViewController.swift in Sources */,
				062B7910218265DE006ADA88 /* CollegeViewController.swift in Sources */,
				062B790C218265DE006ADA88 /* AppDelegate.swift in Sources */,
				062B790E218265DE006ADA88 /* MarvelViewController.swift in Sources */,
			);
			runOnlyForDeploymentPostprocessing = 0;
		};
		062B791A218265E2006ADA88 /* Sources */ = {
			isa = PBXSourcesBuildPhase;
			buildActionMask = 2147483647;
			files = (
				062B7923218265E2006ADA88 /* iKidTests.swift in Sources */,
			);
			runOnlyForDeploymentPostprocessing = 0;
		};
		062B7925218265E2006ADA88 /* Sources */ = {
			isa = PBXSourcesBuildPhase;
			buildActionMask = 2147483647;
			files = (
				062B792E218265E2006ADA88 /* iKidUITests.swift in Sources */,
			);
			runOnlyForDeploymentPostprocessing = 0;
		};
/* End PBXSourcesBuildPhase section */

/* Begin PBXTargetDependency section */
		062B7920218265E2006ADA88 /* PBXTargetDependency */ = {
			isa = PBXTargetDependency;
			target = 062B7907218265DE006ADA88 /* iKid */;
			targetProxy = 062B791F218265E2006ADA88 /* PBXContainerItemProxy */;
		};
		062B792B218265E2006ADA88 /* PBXTargetDependency */ = {
			isa = PBXTargetDependency;
			target = 062B7907218265DE006ADA88 /* iKid */;
			targetProxy = 062B792A218265E2006ADA88 /* PBXContainerItemProxy */;
		};
/* End PBXTargetDependency section */

/* Begin PBXVariantGroup section */
		062B7911218265DE006ADA88 /* Main.storyboard */ = {
			isa = PBXVariantGroup;
			children = (
				062B7912218265DE006ADA88 /* Base */,
			);
			name = Main.storyboard;
			sourceTree = "<group>";
		};
		062B7916218265E1006ADA88 /* LaunchScreen.storyboard */ = {
			isa = PBXVariantGroup;
			children = (
				062B7917218265E1006ADA88 /* Base */,
			);
			name = LaunchScreen.storyboard;
			sourceTree = "<group>";
		};
/* End PBXVariantGroup section */

/* Begin XCBuildConfiguration section */
		062B7930218265E2006ADA88 /* Debug */ = {
			isa = XCBuildConfiguration;
			buildSettings = {
				ALWAYS_SEARCH_USER_PATHS = NO;
				CLANG_ANALYZER_NONNULL = YES;
				CLANG_ANALYZER_NUMBER_OBJECT_CONVERSION = YES_AGGRESSIVE;
				CLANG_CXX_LANGUAGE_STANDARD = "gnu++14";
				CLANG_CXX_LIBRARY = "libc++";
				CLANG_ENABLE_MODULES = YES;
				CLANG_ENABLE_OBJC_ARC = YES;
				CLANG_ENABLE_OBJC_WEAK = YES;
				CLANG_WARN_BLOCK_CAPTURE_AUTORELEASING = YES;
				CLANG_WARN_BOOL_CONVERSION = YES;
				CLANG_WARN_COMMA = YES;
				CLANG_WARN_CONSTANT_CONVERSION = YES;
				CLANG_WARN_DEPRECATED_OBJC_IMPLEMENTATIONS = YES;
				CLANG_WARN_DIRECT_OBJC_ISA_USAGE = YES_ERROR;
				CLANG_WARN_DOCUMENTATION_COMMENTS = YES;
				CLANG_WARN_EMPTY_BODY = YES;
				CLANG_WARN_ENUM_CONVERSION = YES;
				CLANG_WARN_INFINITE_RECURSION = YES;
				CLANG_WARN_INT_CONVERSION = YES;
				CLANG_WARN_NON_LITERAL_NULL_CONVERSION = YES;
				CLANG_WARN_OBJC_IMPLICIT_RETAIN_SELF = YES;
				CLANG_WARN_OBJC_LITERAL_CONVERSION = YES;
				CLANG_WARN_OBJC_ROOT_CLASS = YES_ERROR;
				CLANG_WARN_RANGE_LOOP_ANALYSIS = YES;
				CLANG_WARN_STRICT_PROTOTYPES = YES;
				CLANG_WARN_SUSPICIOUS_MOVE = YES;
				CLANG_WARN_UNGUARDED_AVAILABILITY = YES_AGGRESSIVE;
				CLANG_WARN_UNREACHABLE_CODE = YES;
				CLANG_WARN__DUPLICATE_METHOD_MATCH = YES;
				CODE_SIGN_IDENTITY = "iPhone Developer";
				COPY_PHASE_STRIP = NO;
				DEBUG_INFORMATION_FORMAT = dwarf;
				ENABLE_STRICT_OBJC_MSGSEND = YES;
				ENABLE_TESTABILITY = YES;
				GCC_C_LANGUAGE_STANDARD = gnu11;
				GCC_DYNAMIC_NO_PIC = NO;
				GCC_NO_COMMON_BLOCKS = YES;
				GCC_OPTIMIZATION_LEVEL = 0;
				GCC_PREPROCESSOR_DEFINITIONS = (
					"DEBUG=1",
					"$(inherited)",
				);
				GCC_WARN_64_TO_32_BIT_CONVERSION = YES;
				GCC_WARN_ABOUT_RETURN_TYPE = YES_ERROR;
				GCC_WARN_UNDECLARED_SELECTOR = YES;
				GCC_WARN_UNINITIALIZED_AUTOS = YES_AGGRESSIVE;
				GCC_WARN_UNUSED_FUNCTION = YES;
				GCC_WARN_UNUSED_VARIABLE = YES;
				IPHONEOS_DEPLOYMENT_TARGET = 12.0;
				MTL_ENABLE_DEBUG_INFO = INCLUDE_SOURCE;
				MTL_FAST_MATH = YES;
				ONLY_ACTIVE_ARCH = YES;
				SDKROOT = iphoneos;
				SWIFT_ACTIVE_COMPILATION_CONDITIONS = DEBUG;
				SWIFT_OPTIMIZATION_LEVEL = "-Onone";
			};
			name = Debug;
		};
		062B7931218265E2006ADA88 /* Release */ = {
			isa = XCBuildConfiguration;
			buildSettings = {
				ALWAYS_SEARCH_USER_PATHS = NO;
				CLANG_ANALYZER_NONNULL = YES;
				CLANG_ANALYZER_NUMBER_OBJECT_CONVERSION = YES_AGGRESSIVE;
				CLANG_CXX_LANGUAGE_STANDARD = "gnu++14";
				CLANG_CXX_LIBRARY = "libc++";
				CLANG_ENABLE_MODULES = YES;
				CLANG_ENABLE_OBJC_ARC = YES;
				CLANG_ENABLE_OBJC_WEAK = YES;
				CLANG_WARN_BLOCK_CAPTURE_AUTORELEASING = YES;
				CLANG_WARN_BOOL_CONVERSION = YES;
				CLANG_WARN_COMMA = YES;
				CLANG_WARN_CONSTANT_CONVERSION = YES;
				CLANG_WARN_DEPRECATED_OBJC_IMPLEMENTATIONS = YES;
				CLANG_WARN_DIRECT_OBJC_ISA_USAGE = YES_ERROR;
				CLANG_WARN_DOCUMENTATION_COMMENTS = YES;
				CLANG_WARN_EMPTY_BODY = YES;
				CLANG_WARN_ENUM_CONVERSION = YES;
				CLANG_WARN_INFINITE_RECURSION = YES;
				CLANG_WARN_INT_CONVERSION = YES;
				CLANG_WARN_NON_LITERAL_NULL_CONVERSION = YES;
				CLANG_WARN_OBJC_IMPLICIT_RETAIN_SELF = YES;
				CLANG_WARN_OBJC_LITERAL_CONVERSION = YES;
				CLANG_WARN_OBJC_ROOT_CLASS = YES_ERROR;
				CLANG_WARN_RANGE_LOOP_ANALYSIS = YES;
				CLANG_WARN_STRICT_PROTOTYPES = YES;
				CLANG_WARN_SUSPICIOUS_MOVE = YES;
				CLANG_WARN_UNGUARDED_AVAILABILITY = YES_AGGRESSIVE;
				CLANG_WARN_UNREACHABLE_CODE = YES;
				CLANG_WARN__DUPLICATE_METHOD_MATCH = YES;
				CODE_SIGN_IDENTITY = "iPhone Developer";
				COPY_PHASE_STRIP = NO;
				DEBUG_INFORMATION_FORMAT = "dwarf-with-dsym";
				ENABLE_NS_ASSERTIONS = NO;
				ENABLE_STRICT_OBJC_MSGSEND = YES;
				GCC_C_LANGUAGE_STANDARD = gnu11;
				GCC_NO_COMMON_BLOCKS = YES;
				GCC_WARN_64_TO_32_BIT_CONVERSION = YES;
				GCC_WARN_ABOUT_RETURN_TYPE = YES_ERROR;
				GCC_WARN_UNDECLARED_SELECTOR = YES;
				GCC_WARN_UNINITIALIZED_AUTOS = YES_AGGRESSIVE;
				GCC_WARN_UNUSED_FUNCTION = YES;
				GCC_WARN_UNUSED_VARIABLE = YES;
				IPHONEOS_DEPLOYMENT_TARGET = 12.0;
				MTL_ENABLE_DEBUG_INFO = NO;
				MTL_FAST_MATH = YES;
				SDKROOT = iphoneos;
				SWIFT_COMPILATION_MODE = wholemodule;
				SWIFT_OPTIMIZATION_LEVEL = "-O";
				VALIDATE_PRODUCT = YES;
			};
			name = Release;
		};
		062B7933218265E2006ADA88 /* Debug */ = {
			isa = XCBuildConfiguration;
			buildSettings = {
				ASSETCATALOG_COMPILER_APPICON_NAME = AppIcon;
				CODE_SIGN_STYLE = Automatic;
				DEVELOPMENT_TEAM = BFC56MD929;
				INFOPLIST_FILE = iKid/Info.plist;
				LD_RUNPATH_SEARCH_PATHS = (
					"$(inherited)",
					"@executable_path/Frameworks",
				);
				PRODUCT_BUNDLE_IDENTIFIER = NathanHan.iKid;
				PRODUCT_NAME = "$(TARGET_NAME)";
				SWIFT_VERSION = 4.2;
				TARGETED_DEVICE_FAMILY = "1,2";
			};
			name = Debug;
		};
		062B7934218265E2006ADA88 /* Release */ = {
			isa = XCBuildConfiguration;
			buildSettings = {
				ASSETCATALOG_COMPILER_APPICON_NAME = AppIcon;
				CODE_SIGN_STYLE = Automatic;
				DEVELOPMENT_TEAM = BFC56MD929;
				INFOPLIST_FILE = iKid/Info.plist;
				LD_RUNPATH_SEARCH_PATHS = (
					"$(inherited)",
					"@executable_path/Frameworks",
				);
				PRODUCT_BUNDLE_IDENTIFIER = NathanHan.iKid;
				PRODUCT_NAME = "$(TARGET_NAME)";
				SWIFT_VERSION = 4.2;
				TARGETED_DEVICE_FAMILY = "1,2";
			};
			name = Release;
		};
		062B7936218265E2006ADA88 /* Debug */ = {
			isa = XCBuildConfiguration;
			buildSettings = {
				ALWAYS_EMBED_SWIFT_STANDARD_LIBRARIES = YES;
				BUNDLE_LOADER = "$(TEST_HOST)";
				CODE_SIGN_STYLE = Automatic;
				DEVELOPMENT_TEAM = BFC56MD929;
				INFOPLIST_FILE = iKidTests/Info.plist;
				LD_RUNPATH_SEARCH_PATHS = (
					"$(inherited)",
					"@executable_path/Frameworks",
					"@loader_path/Frameworks",
				);
				PRODUCT_BUNDLE_IDENTIFIER = NathanHan.iKidTests;
				PRODUCT_NAME = "$(TARGET_NAME)";
				SWIFT_VERSION = 4.2;
				TARGETED_DEVICE_FAMILY = "1,2";
				TEST_HOST = "$(BUILT_PRODUCTS_DIR)/iKid.app/iKid";
			};
			name = Debug;
		};
		062B7937218265E2006ADA88 /* Release */ = {
			isa = XCBuildConfiguration;
			buildSettings = {
				ALWAYS_EMBED_SWIFT_STANDARD_LIBRARIES = YES;
				BUNDLE_LOADER = "$(TEST_HOST)";
				CODE_SIGN_STYLE = Automatic;
				DEVELOPMENT_TEAM = BFC56MD929;
				INFOPLIST_FILE = iKidTests/Info.plist;
				LD_RUNPATH_SEARCH_PATHS = (
					"$(inherited)",
					"@executable_path/Frameworks",
					"@loader_path/Frameworks",
				);
				PRODUCT_BUNDLE_IDENTIFIER = NathanHan.iKidTests;
				PRODUCT_NAME = "$(TARGET_NAME)";
				SWIFT_VERSION = 4.2;
				TARGETED_DEVICE_FAMILY = "1,2";
				TEST_HOST = "$(BUILT_PRODUCTS_DIR)/iKid.app/iKid";
			};
			name = Release;
		};
		062B7939218265E2006ADA88 /* Debug */ = {
			isa = XCBuildConfiguration;
			buildSettings = {
				ALWAYS_EMBED_SWIFT_STANDARD_LIBRARIES = YES;
				CODE_SIGN_STYLE = Automatic;
				DEVELOPMENT_TEAM = BFC56MD929;
				INFOPLIST_FILE = iKidUITests/Info.plist;
				LD_RUNPATH_SEARCH_PATHS = (
					"$(inherited)",
					"@executable_path/Frameworks",
					"@loader_path/Frameworks",
				);
				PRODUCT_BUNDLE_IDENTIFIER = NathanHan.iKidUITests;
				PRODUCT_NAME = "$(TARGET_NAME)";
				SWIFT_VERSION = 4.2;
				TARGETED_DEVICE_FAMILY = "1,2";
				TEST_TARGET_NAME = iKid;
			};
			name = Debug;
		};
		062B793A218265E2006ADA88 /* Release */ = {
			isa = XCBuildConfiguration;
			buildSettings = {
				ALWAYS_EMBED_SWIFT_STANDARD_LIBRARIES = YES;
				CODE_SIGN_STYLE = Automatic;
				DEVELOPMENT_TEAM = BFC56MD929;
				INFOPLIST_FILE = iKidUITests/Info.plist;
				LD_RUNPATH_SEARCH_PATHS = (
					"$(inherited)",
					"@executable_path/Frameworks",
					"@loader_path/Frameworks",
				);
				PRODUCT_BUNDLE_IDENTIFIER = NathanHan.iKidUITests;
				PRODUCT_NAME = "$(TARGET_NAME)";
				SWIFT_VERSION = 4.2;
				TARGETED_DEVICE_FAMILY = "1,2";
				TEST_TARGET_NAME = iKid;
			};
			name = Release;
		};
/* End XCBuildConfiguration section */

/* Begin XCConfigurationList section */
		062B7903218265DE006ADA88 /* Build configuration list for PBXProject "iKid" */ = {
			isa = XCConfigurationList;
			buildConfigurations = (
				062B7930218265E2006ADA88 /* Debug */,
				062B7931218265E2006ADA88 /* Release */,
			);
			defaultConfigurationIsVisible = 0;
			defaultConfigurationName = Release;
		};
		062B7932218265E2006ADA88 /* Build configuration list for PBXNativeTarget "iKid" */ = {
			isa = XCConfigurationList;
			buildConfigurations = (
				062B7933218265E2006ADA88 /* Debug */,
				062B7934218265E2006ADA88 /* Release */,
			);
			defaultConfigurationIsVisible = 0;
			defaultConfigurationName = Release;
		};
		062B7935218265E2006ADA88 /* Build configuration list for PBXNativeTarget "iKidTests" */ = {
			isa = XCConfigurationList;
			buildConfigurations = (
				062B7936218265E2006ADA88 /* Debug */,
				062B7937218265E2006ADA88 /* Release */,
			);
			defaultConfigurationIsVisible = 0;
			defaultConfigurationName = Release;
		};
		062B7938218265E2006ADA88 /* Build configuration list for PBXNativeTarget "iKidUITests" */ = {
			isa = XCConfigurationList;
			buildConfigurations = (
				062B7939218265E2006ADA88 /* Debug */,
				062B793A218265E2006ADA88 /* Release */,
			);
			defaultConfigurationIsVisible = 0;
			defaultConfigurationName = Release;
		};
/* End XCConfigurationList section */
	};
	rootObject = 062B7900218265DE006ADA88 /* Project object */;
}
